
Microsoft Visual Studio Solution File, Format Version 12.00
# Visual Studio Version 16
VisualStudioVersion = 16.0.31729.503
MinimumVisualStudioVersion = 10.0.40219.1
Project("{FAE04EC0-301F-11D3-BF4B-00C04F79EFBC}") = "Formula1-project", "Formula1-project\Formula1-project.csproj", "{2C5033EE-389D-41A9-A39A-8860F72B324B}"
EndProject
Global
	GlobalSection(SolutionConfigurationPlatforms) = preSolution
		Debug|Any CPU = Debug|Any CPU
		Release|Any CPU = Release|Any CPU
	EndGlobalSection
	GlobalSection(ProjectConfigurationPlatforms) = postSolution
		{2C5033EE-389D-41A9-A39A-8860F72B324B}.Debug|Any CPU.ActiveCfg = Debug|Any CPU
		{2C5033EE-389D-41A9-A39A-8860F72B324B}.Debug|Any CPU.Build.0 = Debug|Any CPU
		{2C5033EE-389D-41A9-A39A-8860F72B324B}.Release|Any CPU.ActiveCfg = Release|Any CPU
		{2C5033EE-389D-41A9-A39A-8860F72B324B}.Release|Any CPU.Build.0 = Release|Any CPU
	EndGlobalSection
	GlobalSection(SolutionProperties) = preSolution
		HideSolutionNode = FALSE
	EndGlobalSection
	GlobalSection(ExtensibilityGlobals) = postSolution
		SolutionGuid = {540E9B26-86A8-4C90-9379-1AA7A48F1640}
	EndGlobalSection
EndGlobal
